
Microsoft Visual Studio Solution File, Format Version 12.00
# Visual Studio Version 17
VisualStudioVersion = 17.1.32407.343
MinimumVisualStudioVersion = 10.0.40219.1
Project("{9A19103F-16F7-4668-BE54-9A1E7A4F7556}") = "Taboret", "Taboret\Taboret.csproj", "{ABAD67E1-90A1-4A2D-AF72-63665C07BF94}"
EndProject
Global
	GlobalSection(SolutionConfigurationPlatforms) = preSolution
		Debug|Any CPU = Debug|Any CPU
		Release|Any CPU = Release|Any CPU
	EndGlobalSection
	GlobalSection(ProjectConfigurationPlatforms) = postSolution
		{ABAD67E1-90A1-4A2D-AF72-63665C07BF94}.Debug|Any CPU.ActiveCfg = Debug|Any CPU
		{ABAD67E1-90A1-4A2D-AF72-63665C07BF94}.Debug|Any CPU.Build.0 = Debug|Any CPU
		{ABAD67E1-90A1-4A2D-AF72-63665C07BF94}.Release|Any CPU.ActiveCfg = Release|Any CPU
		{ABAD67E1-90A1-4A2D-AF72-63665C07BF94}.Release|Any CPU.Build.0 = Release|Any CPU
	EndGlobalSection
	GlobalSection(SolutionProperties) = preSolution
		HideSolutionNode = FALSE
	EndGlobalSection
	GlobalSection(ExtensibilityGlobals) = postSolution
		SolutionGuid = {DF69F27D-DABB-499A-BC26-9E1F6DCE4472}
	EndGlobalSection
EndGlobal
